<?xml version="1.0" encoding="utf-8"?>
<Project ToolsVersion="4.0" xmlns="http://schemas.microsoft.com/developer/msbuild/2003">
  <ItemGroup>
    <Filter Include="src">
      <UniqueIdentifier>{4FC737F1-C7A5-4376-A066-2A32D752A2FF}</UniqueIdentifier>
      <Extensions>cpp;c;cc;cxx;def;odl;idl;hpj;bat;asm;asmx</Extensions>
    </Filter>
    <Filter Include="shaders">
      <UniqueIdentifier>{d366c52c-5127-47b4-aabe-c0f27998f5a8}</UniqueIdentifier>
    </Filter>
    <Filter Include="src\memory">
      <UniqueIdentifier>{27423958-6b99-4d09-8ad0-3c77648b1ab6}</UniqueIdentifier>
    </Filter>
    <Filter Include="src\entities">
      <UniqueIdentifier>{ee4dc1d7-7bda-4124-8910-d4546fdc3bf6}</UniqueIdentifier>
    </Filter>
  </ItemGroup>
  <ItemGroup>
    <ClCompile Include="main.cpp">
      <Filter>src</Filter>
    </ClCompile>
    <ClCompile Include="Context.cpp">
      <Filter>src</Filter>
    </ClCompile>
    <ClCompile Include="utils.cpp">
      <Filter>src</Filter>
    </ClCompile>
    <ClCompile Include="Window.cpp">
      <Filter>src</Filter>
    </ClCompile>
    <ClCompile Include="Shader.cpp">
      <Filter>src</Filter>
    </ClCompile>
    <ClCompile Include="VertexShader.cpp">
      <Filter>src</Filter>
    </ClCompile>
    <ClCompile Include="ShaderProgram.cpp">
      <Filter>src</Filter>
    </ClCompile>
    <ClCompile Include="Texture.cpp">
      <Filter>src</Filter>
    </ClCompile>
    <ClCompile Include="Camera.cpp">
      <Filter>src</Filter>
    </ClCompile>
    <ClCompile Include="Mesh.cpp">
      <Filter>src</Filter>
    </ClCompile>
    <ClCompile Include="Material.cpp">
      <Filter>src</Filter>
    </ClCompile>
    <ClCompile Include="playercontroller.cpp">
      <Filter>src</Filter>
    </ClCompile>
    <ClCompile Include="inputhandler.cpp">
      <Filter>src</Filter>
    </ClCompile>
    <ClCompile Include="inputscheme.cpp">
      <Filter>src</Filter>
    </ClCompile>
    <ClCompile Include="FragmentShader.cpp">
      <Filter>src</Filter>
    </ClCompile>
    <ClCompile Include="entity.cpp">
      <Filter>src\entities</Filter>
    </ClCompile>
    <ClCompile Include="component.cpp">
      <Filter>src</Filter>
    </ClCompile>
    <ClCompile Include="transform.cpp">
      <Filter>src</Filter>
    </ClCompile>
    <ClCompile Include="physics.cpp">
      <Filter>src\entities</Filter>
    </ClCompile>
    <ClCompile Include="collisionvolume.cpp">
      <Filter>src</Filter>
    </ClCompile>
    <ClCompile Include="spherecollider.cpp">
      <Filter>src</Filter>
    </ClCompile>
    <ClCompile Include="collision.cpp">
      <Filter>src</Filter>
    </ClCompile>
    <ClCompile Include="VAOBinding.cpp">
      <Filter>src</Filter>
    </ClCompile>
    <ClCompile Include="src\opengl\functions.cpp">
      <Filter>src</Filter>
    </ClCompile>
    <ClCompile Include="src\opengl\error.cpp">
      <Filter>src</Filter>
    </ClCompile>
    <ClCompile Include="src\colour.cpp">
      <Filter>src</Filter>
    </ClCompile>
    <ClCompile Include="src\opengl\types.cpp">
      <Filter>src</Filter>
    </ClCompile>
  </ItemGroup>
  <ItemGroup>
    <ClInclude Include="Camera.h">
      <Filter>src</Filter>
    </ClInclude>
    <ClInclude Include="Context.h">
      <Filter>src</Filter>
    </ClInclude>
    <ClInclude Include="DirectionalLight.h">
      <Filter>src</Filter>
    </ClInclude>
    <ClInclude Include="FragmentShader.h">
      <Filter>src</Filter>
    </ClInclude>
    <ClInclude Include="playercontroller.h">
      <Filter>src</Filter>
    </ClInclude>
    <ClInclude Include="Light.h">
      <Filter>src</Filter>
    </ClInclude>
    <ClInclude Include="Material.h">
      <Filter>src</Filter>
    </ClInclude>
    <ClInclude Include="Mesh.h">
      <Filter>src</Filter>
    </ClInclude>
    <ClInclude Include="PointLight.h">
      <Filter>src</Filter>
    </ClInclude>
    <ClInclude Include="Shader.h">
      <Filter>src</Filter>
    </ClInclude>
    <ClInclude Include="ShaderProgram.h">
      <Filter>src</Filter>
    </ClInclude>
    <ClInclude Include="Texture.h">
      <Filter>src</Filter>
    </ClInclude>
    <ClInclude Include="utils.h">
      <Filter>src</Filter>
    </ClInclude>
    <ClInclude Include="Vertex.h">
      <Filter>src</Filter>
    </ClInclude>
    <ClInclude Include="VertexShader.h">
      <Filter>src</Filter>
    </ClInclude>
    <ClInclude Include="Window.h">
      <Filter>src</Filter>
    </ClInclude>
    <ClInclude Include="inputhandler.h">
      <Filter>src</Filter>
    </ClInclude>
    <ClInclude Include="gameaction.h">
      <Filter>src</Filter>
    </ClInclude>
    <ClInclude Include="inputaction.h">
      <Filter>src</Filter>
    </ClInclude>
    <ClInclude Include="inputscheme.h">
      <Filter>src</Filter>
    </ClInclude>
    <ClInclude Include="entity.h">
      <Filter>src\entities</Filter>
    </ClInclude>
    <ClInclude Include="component.h">
      <Filter>src\entities</Filter>
    </ClInclude>
    <ClInclude Include="transform.h">
      <Filter>src\entities</Filter>
    </ClInclude>
    <ClInclude Include="physics.h">
      <Filter>src\entities</Filter>
    </ClInclude>
    <ClInclude Include="collision.h">
      <Filter>src</Filter>
    </ClInclude>
    <ClInclude Include="collisionvolume.h">
      <Filter>src</Filter>
    </ClInclude>
    <ClInclude Include="spherecollider.h">
      <Filter>src</Filter>
    </ClInclude>
    <ClInclude Include="VAOBinding.h">
      <Filter>src</Filter>
    </ClInclude>
    <ClInclude Include="src\opengl\types.h" />
    <ClInclude Include="src\opengl\util.h" />
    <ClInclude Include="src\opengl\functions.h" />
    <ClInclude Include="src\opengl\error.h" />
    <ClInclude Include="src\colour.h" />
    <ClInclude Include="src\clamped.h" />
  </ItemGroup>
  <ItemGroup>
    <None Include="vertexShader.vs">
      <Filter>shaders</Filter>
    </None>
    <None Include="fragmentShader.fs">
      <Filter>shaders</Filter>
    </None>
    <None Include="lamp.fs">
      <Filter>shaders</Filter>
    </None>
    <None Include="simpleFragmentShader.fs">
      <Filter>shaders</Filter>
    </None>
    <None Include="simpleVertexShader.vs">
      <Filter>shaders</Filter>
    </None>
  </ItemGroup>
</Project>